// !$*UTF8*$!
{
	archiveVersion = 1;
	classes = {
	};
	objectVersion = 50;
	objects = {

/* Begin PBXBuildFile section */
		083C975EF7359EF8473349B7 /* Pods_Careem_Test_ImdbUITests.framework in Frameworks */ = {isa = PBXBuildFile; fileRef = 5C09BF17F5BD6E6AF6CB6A16 /* Pods_Careem_Test_ImdbUITests.framework */; };
		3591CBA7311BCD6FC4D2468D /* Pods_Careem_Test_ImdbTests.framework in Frameworks */ = {isa = PBXBuildFile; fileRef = 9A3F919D4A9D81F81A9FC024 /* Pods_Careem_Test_ImdbTests.framework */; };
		3A5816DC2293C9B60078DEC0 /* MovieListTableCellViewModel.swift in Sources */ = {isa = PBXBuildFile; fileRef = 3A5816DB2293C9B60078DEC0 /* MovieListTableCellViewModel.swift */; };
		3A5816DE2293FDAC0078DEC0 /* MovieDetailViewController.swift in Sources */ = {isa = PBXBuildFile; fileRef = 3A5816DD2293FDAC0078DEC0 /* MovieDetailViewController.swift */; };
		3A5816E72293FE2D0078DEC0 /* MovieDetailViewModel.swift in Sources */ = {isa = PBXBuildFile; fileRef = 3A5816E62293FE2D0078DEC0 /* MovieDetailViewModel.swift */; };
		3A5816E92293FEB10078DEC0 /* filter.png in Resources */ = {isa = PBXBuildFile; fileRef = 3A5816E82293FEB00078DEC0 /* filter.png */; };
		3A5816ED229410AA0078DEC0 /* DatePicketView.swift in Sources */ = {isa = PBXBuildFile; fileRef = 3A5816EC229410AA0078DEC0 /* DatePicketView.swift */; };
		3A5816EF229426EB0078DEC0 /* reset.png in Resources */ = {isa = PBXBuildFile; fileRef = 3A5816EE229426EB0078DEC0 /* reset.png */; };
		3A5816F1229432D80078DEC0 /* UITableView+Extensions.swift in Sources */ = {isa = PBXBuildFile; fileRef = 3A5816F0229432D80078DEC0 /* UITableView+Extensions.swift */; };
		3A5816F32294345C0078DEC0 /* UIScrollView+Extensions.swift in Sources */ = {isa = PBXBuildFile; fileRef = 3A5816F22294345C0078DEC0 /* UIScrollView+Extensions.swift */; };
		3A5816F5229451F30078DEC0 /* MovieListBuilder.swift in Sources */ = {isa = PBXBuildFile; fileRef = 3A5816F4229451F30078DEC0 /* MovieListBuilder.swift */; };
		3A5816F8229476140078DEC0 /* Date+Extensions.swift in Sources */ = {isa = PBXBuildFile; fileRef = 3A5816F7229476140078DEC0 /* Date+Extensions.swift */; };
		3A5816FE2294789A0078DEC0 /* MovieListDataProvider.swift in Sources */ = {isa = PBXBuildFile; fileRef = 3A5816FD2294789A0078DEC0 /* MovieListDataProvider.swift */; };
		3A581702229483330078DEC0 /* UIAlertViewController+Extension.swift in Sources */ = {isa = PBXBuildFile; fileRef = 3A581701229483330078DEC0 /* UIAlertViewController+Extension.swift */; };
		3AA3F66A2292E01D006A19F0 /* AppDelegate.swift in Sources */ = {isa = PBXBuildFile; fileRef = 3AA3F6692292E01D006A19F0 /* AppDelegate.swift */; };
		3AA3F66F2292E01D006A19F0 /* Main.storyboard in Resources */ = {isa = PBXBuildFile; fileRef = 3AA3F66D2292E01D006A19F0 /* Main.storyboard */; };
		3AA3F6712292E01E006A19F0 /* Assets.xcassets in Resources */ = {isa = PBXBuildFile; fileRef = 3AA3F6702292E01E006A19F0 /* Assets.xcassets */; };
		3AA3F6742292E01E006A19F0 /* LaunchScreen.storyboard in Resources */ = {isa = PBXBuildFile; fileRef = 3AA3F6722292E01E006A19F0 /* LaunchScreen.storyboard */; };
		3AA3F67F2292E01F006A19F0 /* Careem_Test_ImdbTests.swift in Sources */ = {isa = PBXBuildFile; fileRef = 3AA3F67E2292E01F006A19F0 /* Careem_Test_ImdbTests.swift */; };
		3AA3F68A2292E01F006A19F0 /* Careem_Test_ImdbUITests.swift in Sources */ = {isa = PBXBuildFile; fileRef = 3AA3F6892292E01F006A19F0 /* Careem_Test_ImdbUITests.swift */; };
		3AA3F69B2292E558006A19F0 /* NetworkManager.swift in Sources */ = {isa = PBXBuildFile; fileRef = 3AA3F69A2292E558006A19F0 /* NetworkManager.swift */; };
		3AA3F69E2292F59D006A19F0 /* NetworkError.swift in Sources */ = {isa = PBXBuildFile; fileRef = 3AA3F69D2292F59D006A19F0 /* NetworkError.swift */; };
		3AA3F6A42292FCA5006A19F0 /* Result.swift in Sources */ = {isa = PBXBuildFile; fileRef = 3AA3F6A32292FCA5006A19F0 /* Result.swift */; };
		3AA3F6AD229305E8006A19F0 /* UpcomingMovies.swift in Sources */ = {isa = PBXBuildFile; fileRef = 3AA3F6AC229305E8006A19F0 /* UpcomingMovies.swift */; };
		3AA3F6AF2293060C006A19F0 /* Movie.swift in Sources */ = {isa = PBXBuildFile; fileRef = 3AA3F6AE2293060C006A19F0 /* Movie.swift */; };
		3AA3F6B122930961006A19F0 /* MovieListViewController.swift in Sources */ = {isa = PBXBuildFile; fileRef = 3AA3F6B022930961006A19F0 /* MovieListViewController.swift */; };
		3AA3F6B7229309BC006A19F0 /* MovieListViewModel.swift in Sources */ = {isa = PBXBuildFile; fileRef = 3AA3F6B6229309BC006A19F0 /* MovieListViewModel.swift */; };
		3AA3F6B9229309E0006A19F0 /* MovieList.storyboard in Resources */ = {isa = PBXBuildFile; fileRef = 3AA3F6B8229309E0006A19F0 /* MovieList.storyboard */; };
		3AA3F6BC2293162A006A19F0 /* Endpoint.swift in Sources */ = {isa = PBXBuildFile; fileRef = 3AA3F6BB2293162A006A19F0 /* Endpoint.swift */; };
		3AA3F6BE229319B8006A19F0 /* JSONTranslator.swift in Sources */ = {isa = PBXBuildFile; fileRef = 3AA3F6BD229319B8006A19F0 /* JSONTranslator.swift */; };
		3AA3F6C1229321A5006A19F0 /* MovieListService.swift in Sources */ = {isa = PBXBuildFile; fileRef = 3AA3F6C0229321A5006A19F0 /* MovieListService.swift */; };
		3AA3F6C722933E32006A19F0 /* URLRequest+Extensions.swift in Sources */ = {isa = PBXBuildFile; fileRef = 3AA3F6C622933E32006A19F0 /* URLRequest+Extensions.swift */; };
		3AA3F6C922933EC6006A19F0 /* EndpointTests.swift in Sources */ = {isa = PBXBuildFile; fileRef = 3AA3F6C822933EC6006A19F0 /* EndpointTests.swift */; };
		3AA3F6CB22934804006A19F0 /* Constant.swift in Sources */ = {isa = PBXBuildFile; fileRef = 3AA3F6CA22934804006A19F0 /* Constant.swift */; };
		3AA3F6CD22934C1E006A19F0 /* NetworkManagerTests.swift in Sources */ = {isa = PBXBuildFile; fileRef = 3AA3F6CC22934C1E006A19F0 /* NetworkManagerTests.swift */; };
		3AA3F6D022934CDE006A19F0 /* MockURLProtocol.swift in Sources */ = {isa = PBXBuildFile; fileRef = 3AA3F6CF22934CDE006A19F0 /* MockURLProtocol.swift */; };
		3AA3F6D4229351E7006A19F0 /* UpcomingMovieStub.swift in Sources */ = {isa = PBXBuildFile; fileRef = 3AA3F6D3229351E7006A19F0 /* UpcomingMovieStub.swift */; };
		3AA3F6D722936CAC006A19F0 /* MovieListServiceTests.swift in Sources */ = {isa = PBXBuildFile; fileRef = 3AA3F6D622936CAC006A19F0 /* MovieListServiceTests.swift */; };
		3AA3F6DE2293B5A5006A19F0 /* MovieListTableViewCell.swift in Sources */ = {isa = PBXBuildFile; fileRef = 3AA3F6DA2293B02E006A19F0 /* MovieListTableViewCell.swift */; };
		3AA3F6DF2293B5AD006A19F0 /* MovieListTableViewCell.xib in Resources */ = {isa = PBXBuildFile; fileRef = 3AA3F6DB2293B02E006A19F0 /* MovieListTableViewCell.xib */; };
		3AED7BB72294C77200D7F3BD /* MockMovieListViewController.swift in Sources */ = {isa = PBXBuildFile; fileRef = 3AED7BB62294C77200D7F3BD /* MockMovieListViewController.swift */; };
		3AED7BB92294C7A600D7F3BD /* MockMovieListDataProvider.swift in Sources */ = {isa = PBXBuildFile; fileRef = 3AED7BB82294C7A600D7F3BD /* MockMovieListDataProvider.swift */; };
		3AED7BBD2294C90B00D7F3BD /* MovieListViewControllerTests.swift in Sources */ = {isa = PBXBuildFile; fileRef = 3AED7BBC2294C90B00D7F3BD /* MovieListViewControllerTests.swift */; };
		3AED7BC02295036900D7F3BD /* MockMovieListViewModelImpl.swift in Sources */ = {isa = PBXBuildFile; fileRef = 3AED7BBF2295036900D7F3BD /* MockMovieListViewModelImpl.swift */; };
		3AED7BC3229508D400D7F3BD /* MovieDetail.storyboard in Resources */ = {isa = PBXBuildFile; fileRef = 3AED7BC2229508D400D7F3BD /* MovieDetail.storyboard */; };
		3AED7BC5229508DF00D7F3BD /* starActive.png in Resources */ = {isa = PBXBuildFile; fileRef = 3AED7BC4229508DF00D7F3BD /* starActive.png */; };
		3AED7BCB22950E8900D7F3BD /* MovieDetailBuilder.swift in Sources */ = {isa = PBXBuildFile; fileRef = 3AED7BCA22950E8900D7F3BD /* MovieDetailBuilder.swift */; };
		3AED7BCE2295171700D7F3BD /* MoviesListCoordinator.swift in Sources */ = {isa = PBXBuildFile; fileRef = 3AED7BCD2295171700D7F3BD /* MoviesListCoordinator.swift */; };
		3AED7BD0229543D200D7F3BD /* DateFormatter+Extensions.swift in Sources */ = {isa = PBXBuildFile; fileRef = 3AED7BCF229543D200D7F3BD /* DateFormatter+Extensions.swift */; };
		3AED7BD32295443800D7F3BD /* DateUtility.swift in Sources */ = {isa = PBXBuildFile; fileRef = 3AED7BD22295443800D7F3BD /* DateUtility.swift */; };
		3AED7BD7229548B400D7F3BD /* MovieDetailViewModelTests.swift in Sources */ = {isa = PBXBuildFile; fileRef = 3AED7BD6229548B400D7F3BD /* MovieDetailViewModelTests.swift */; };
		3AED7BDB229554B900D7F3BD /* MockMovieDetailViewController.swift in Sources */ = {isa = PBXBuildFile; fileRef = 3AED7BDA229554B900D7F3BD /* MockMovieDetailViewController.swift */; };
		3AED7BDF2295556200D7F3BD /* MovieDetailBuilderTests.swift in Sources */ = {isa = PBXBuildFile; fileRef = 3AED7BDE2295556200D7F3BD /* MovieDetailBuilderTests.swift */; };
		3AED7BE22295578000D7F3BD /* MoviesListBuilderTests.swift in Sources */ = {isa = PBXBuildFile; fileRef = 3AED7BE12295578000D7F3BD /* MoviesListBuilderTests.swift */; };
		3AED7BE422955DBA00D7F3BD /* Documentation.md in Resources */ = {isa = PBXBuildFile; fileRef = 3AED7BE322955DB900D7F3BD /* Documentation.md */; };
		3AF980B022948AFD00361058 /* MovieListViewModelTests.swift in Sources */ = {isa = PBXBuildFile; fileRef = 3AF980AF22948AFD00361058 /* MovieListViewModelTests.swift */; };
		7702A36F19E121290EBE8C95 /* Pods_Careem_Test_Imdb.framework in Frameworks */ = {isa = PBXBuildFile; fileRef = 6E4A58CDE898832F2DDD3C1E /* Pods_Careem_Test_Imdb.framework */; };
/* End PBXBuildFile section */

/* Begin PBXContainerItemProxy section */
		3AA3F67B2292E01F006A19F0 /* PBXContainerItemProxy */ = {
			isa = PBXContainerItemProxy;
			containerPortal = 3AA3F65E2292E01D006A19F0 /* Project object */;
			proxyType = 1;
			remoteGlobalIDString = 3AA3F6652292E01D006A19F0;
			remoteInfo = "Careem-Test-Imdb";
		};
		3AA3F6862292E01F006A19F0 /* PBXContainerItemProxy */ = {
			isa = PBXContainerItemProxy;
			containerPortal = 3AA3F65E2292E01D006A19F0 /* Project object */;
			proxyType = 1;
			remoteGlobalIDString = 3AA3F6652292E01D006A19F0;
			remoteInfo = "Careem-Test-Imdb";
		};
/* End PBXContainerItemProxy section */

/* Begin PBXFileReference section */
		3A5816DB2293C9B60078DEC0 /* MovieListTableCellViewModel.swift */ = {isa = PBXFileReference; lastKnownFileType = sourcecode.swift; path = MovieListTableCellViewModel.swift; sourceTree = "<group>"; };
		3A5816DD2293FDAC0078DEC0 /* MovieDetailViewController.swift */ = {isa = PBXFileReference; lastKnownFileType = sourcecode.swift; path = MovieDetailViewController.swift; sourceTree = "<group>"; };
		3A5816E62293FE2D0078DEC0 /* MovieDetailViewModel.swift */ = {isa = PBXFileReference; lastKnownFileType = sourcecode.swift; path = MovieDetailViewModel.swift; sourceTree = "<group>"; };
		3A5816E82293FEB00078DEC0 /* filter.png */ = {isa = PBXFileReference; lastKnownFileType = image.png; path = filter.png; sourceTree = "<group>"; };
		3A5816EC229410AA0078DEC0 /* DatePicketView.swift */ = {isa = PBXFileReference; lastKnownFileType = sourcecode.swift; path = DatePicketView.swift; sourceTree = "<group>"; };
		3A5816EE229426EB0078DEC0 /* reset.png */ = {isa = PBXFileReference; lastKnownFileType = image.png; path = reset.png; sourceTree = "<group>"; };
		3A5816F0229432D80078DEC0 /* UITableView+Extensions.swift */ = {isa = PBXFileReference; lastKnownFileType = sourcecode.swift; path = "UITableView+Extensions.swift"; sourceTree = "<group>"; };
		3A5816F22294345C0078DEC0 /* UIScrollView+Extensions.swift */ = {isa = PBXFileReference; lastKnownFileType = sourcecode.swift; path = "UIScrollView+Extensions.swift"; sourceTree = "<group>"; };
		3A5816F4229451F30078DEC0 /* MovieListBuilder.swift */ = {isa = PBXFileReference; lastKnownFileType = sourcecode.swift; path = MovieListBuilder.swift; sourceTree = "<group>"; };
		3A5816F7229476140078DEC0 /* Date+Extensions.swift */ = {isa = PBXFileReference; lastKnownFileType = sourcecode.swift; path = "Date+Extensions.swift"; sourceTree = "<group>"; };
		3A5816FD2294789A0078DEC0 /* MovieListDataProvider.swift */ = {isa = PBXFileReference; lastKnownFileType = sourcecode.swift; path = MovieListDataProvider.swift; sourceTree = "<group>"; };
		3A581701229483330078DEC0 /* UIAlertViewController+Extension.swift */ = {isa = PBXFileReference; lastKnownFileType = sourcecode.swift; path = "UIAlertViewController+Extension.swift"; sourceTree = "<group>"; };
		3AA3F6662292E01D006A19F0 /* Careem-Test-Imdb.app */ = {isa = PBXFileReference; explicitFileType = wrapper.application; includeInIndex = 0; path = "Careem-Test-Imdb.app"; sourceTree = BUILT_PRODUCTS_DIR; };
		3AA3F6692292E01D006A19F0 /* AppDelegate.swift */ = {isa = PBXFileReference; lastKnownFileType = sourcecode.swift; path = AppDelegate.swift; sourceTree = "<group>"; };
		3AA3F66E2292E01D006A19F0 /* Base */ = {isa = PBXFileReference; lastKnownFileType = file.storyboard; name = Base; path = Base.lproj/Main.storyboard; sourceTree = "<group>"; };
		3AA3F6702292E01E006A19F0 /* Assets.xcassets */ = {isa = PBXFileReference; lastKnownFileType = folder.assetcatalog; path = Assets.xcassets; sourceTree = "<group>"; };
		3AA3F6732292E01E006A19F0 /* Base */ = {isa = PBXFileReference; lastKnownFileType = file.storyboard; name = Base; path = Base.lproj/LaunchScreen.storyboard; sourceTree = "<group>"; };
		3AA3F6752292E01E006A19F0 /* Info.plist */ = {isa = PBXFileReference; lastKnownFileType = text.plist.xml; path = Info.plist; sourceTree = "<group>"; };
		3AA3F67A2292E01F006A19F0 /* Careem-Test-ImdbTests.xctest */ = {isa = PBXFileReference; explicitFileType = wrapper.cfbundle; includeInIndex = 0; path = "Careem-Test-ImdbTests.xctest"; sourceTree = BUILT_PRODUCTS_DIR; };
		3AA3F67E2292E01F006A19F0 /* Careem_Test_ImdbTests.swift */ = {isa = PBXFileReference; lastKnownFileType = sourcecode.swift; path = Careem_Test_ImdbTests.swift; sourceTree = "<group>"; };
		3AA3F6802292E01F006A19F0 /* Info.plist */ = {isa = PBXFileReference; lastKnownFileType = text.plist.xml; path = Info.plist; sourceTree = "<group>"; };
		3AA3F6852292E01F006A19F0 /* Careem-Test-ImdbUITests.xctest */ = {isa = PBXFileReference; explicitFileType = wrapper.cfbundle; includeInIndex = 0; path = "Careem-Test-ImdbUITests.xctest"; sourceTree = BUILT_PRODUCTS_DIR; };
		3AA3F6892292E01F006A19F0 /* Careem_Test_ImdbUITests.swift */ = {isa = PBXFileReference; lastKnownFileType = sourcecode.swift; path = Careem_Test_ImdbUITests.swift; sourceTree = "<group>"; };
		3AA3F68B2292E01F006A19F0 /* Info.plist */ = {isa = PBXFileReference; lastKnownFileType = text.plist.xml; path = Info.plist; sourceTree = "<group>"; };
		3AA3F69A2292E558006A19F0 /* NetworkManager.swift */ = {isa = PBXFileReference; lastKnownFileType = sourcecode.swift; path = NetworkManager.swift; sourceTree = "<group>"; };
		3AA3F69D2292F59D006A19F0 /* NetworkError.swift */ = {isa = PBXFileReference; lastKnownFileType = sourcecode.swift; path = NetworkError.swift; sourceTree = "<group>"; };
		3AA3F6A32292FCA5006A19F0 /* Result.swift */ = {isa = PBXFileReference; lastKnownFileType = sourcecode.swift; path = Result.swift; sourceTree = "<group>"; };
		3AA3F6AC229305E8006A19F0 /* UpcomingMovies.swift */ = {isa = PBXFileReference; lastKnownFileType = sourcecode.swift; path = UpcomingMovies.swift; sourceTree = "<group>"; };
		3AA3F6AE2293060C006A19F0 /* Movie.swift */ = {isa = PBXFileReference; lastKnownFileType = sourcecode.swift; path = Movie.swift; sourceTree = "<group>"; };
		3AA3F6B022930961006A19F0 /* MovieListViewController.swift */ = {isa = PBXFileReference; lastKnownFileType = sourcecode.swift; path = MovieListViewController.swift; sourceTree = "<group>"; };
		3AA3F6B6229309BC006A19F0 /* MovieListViewModel.swift */ = {isa = PBXFileReference; lastKnownFileType = sourcecode.swift; path = MovieListViewModel.swift; sourceTree = "<group>"; };
		3AA3F6B8229309E0006A19F0 /* MovieList.storyboard */ = {isa = PBXFileReference; lastKnownFileType = file.storyboard; path = MovieList.storyboard; sourceTree = "<group>"; };
		3AA3F6BB2293162A006A19F0 /* Endpoint.swift */ = {isa = PBXFileReference; lastKnownFileType = sourcecode.swift; path = Endpoint.swift; sourceTree = "<group>"; };
		3AA3F6BD229319B8006A19F0 /* JSONTranslator.swift */ = {isa = PBXFileReference; lastKnownFileType = sourcecode.swift; path = JSONTranslator.swift; sourceTree = "<group>"; };
		3AA3F6C0229321A5006A19F0 /* MovieListService.swift */ = {isa = PBXFileReference; lastKnownFileType = sourcecode.swift; path = MovieListService.swift; sourceTree = "<group>"; };
		3AA3F6C622933E32006A19F0 /* URLRequest+Extensions.swift */ = {isa = PBXFileReference; lastKnownFileType = sourcecode.swift; path = "URLRequest+Extensions.swift"; sourceTree = "<group>"; };
		3AA3F6C822933EC6006A19F0 /* EndpointTests.swift */ = {isa = PBXFileReference; lastKnownFileType = sourcecode.swift; path = EndpointTests.swift; sourceTree = "<group>"; };
		3AA3F6CA22934804006A19F0 /* Constant.swift */ = {isa = PBXFileReference; lastKnownFileType = sourcecode.swift; path = Constant.swift; sourceTree = "<group>"; };
		3AA3F6CC22934C1E006A19F0 /* NetworkManagerTests.swift */ = {isa = PBXFileReference; lastKnownFileType = sourcecode.swift; path = NetworkManagerTests.swift; sourceTree = "<group>"; };
		3AA3F6CF22934CDE006A19F0 /* MockURLProtocol.swift */ = {isa = PBXFileReference; lastKnownFileType = sourcecode.swift; path = MockURLProtocol.swift; sourceTree = "<group>"; };
		3AA3F6D3229351E7006A19F0 /* UpcomingMovieStub.swift */ = {isa = PBXFileReference; lastKnownFileType = sourcecode.swift; path = UpcomingMovieStub.swift; sourceTree = "<group>"; };
		3AA3F6D622936CAC006A19F0 /* MovieListServiceTests.swift */ = {isa = PBXFileReference; lastKnownFileType = sourcecode.swift; path = MovieListServiceTests.swift; sourceTree = "<group>"; };
		3AA3F6DA2293B02E006A19F0 /* MovieListTableViewCell.swift */ = {isa = PBXFileReference; lastKnownFileType = sourcecode.swift; path = MovieListTableViewCell.swift; sourceTree = "<group>"; };
		3AA3F6DB2293B02E006A19F0 /* MovieListTableViewCell.xib */ = {isa = PBXFileReference; lastKnownFileType = file.xib; path = MovieListTableViewCell.xib; sourceTree = "<group>"; };
		3AED7BB62294C77200D7F3BD /* MockMovieListViewController.swift */ = {isa = PBXFileReference; lastKnownFileType = sourcecode.swift; path = MockMovieListViewController.swift; sourceTree = "<group>"; };
		3AED7BB82294C7A600D7F3BD /* MockMovieListDataProvider.swift */ = {isa = PBXFileReference; lastKnownFileType = sourcecode.swift; path = MockMovieListDataProvider.swift; sourceTree = "<group>"; };
		3AED7BBC2294C90B00D7F3BD /* MovieListViewControllerTests.swift */ = {isa = PBXFileReference; lastKnownFileType = sourcecode.swift; path = MovieListViewControllerTests.swift; sourceTree = "<group>"; };
		3AED7BBF2295036900D7F3BD /* MockMovieListViewModelImpl.swift */ = {isa = PBXFileReference; lastKnownFileType = sourcecode.swift; path = MockMovieListViewModelImpl.swift; sourceTree = "<group>"; };
		3AED7BC2229508D400D7F3BD /* MovieDetail.storyboard */ = {isa = PBXFileReference; fileEncoding = 4; lastKnownFileType = file.storyboard; path = MovieDetail.storyboard; sourceTree = "<group>"; };
		3AED7BC4229508DF00D7F3BD /* starActive.png */ = {isa = PBXFileReference; lastKnownFileType = image.png; path = starActive.png; sourceTree = "<group>"; };
		3AED7BCA22950E8900D7F3BD /* MovieDetailBuilder.swift */ = {isa = PBXFileReference; lastKnownFileType = sourcecode.swift; path = MovieDetailBuilder.swift; sourceTree = "<group>"; };
		3AED7BCD2295171700D7F3BD /* MoviesListCoordinator.swift */ = {isa = PBXFileReference; lastKnownFileType = sourcecode.swift; path = MoviesListCoordinator.swift; sourceTree = "<group>"; };
		3AED7BCF229543D200D7F3BD /* DateFormatter+Extensions.swift */ = {isa = PBXFileReference; lastKnownFileType = sourcecode.swift; path = "DateFormatter+Extensions.swift"; sourceTree = "<group>"; };
		3AED7BD22295443800D7F3BD /* DateUtility.swift */ = {isa = PBXFileReference; lastKnownFileType = sourcecode.swift; path = DateUtility.swift; sourceTree = "<group>"; };
		3AED7BD6229548B400D7F3BD /* MovieDetailViewModelTests.swift */ = {isa = PBXFileReference; lastKnownFileType = sourcecode.swift; path = MovieDetailViewModelTests.swift; sourceTree = "<group>"; };
		3AED7BDA229554B900D7F3BD /* MockMovieDetailViewController.swift */ = {isa = PBXFileReference; lastKnownFileType = sourcecode.swift; path = MockMovieDetailViewController.swift; sourceTree = "<group>"; };
		3AED7BDE2295556200D7F3BD /* MovieDetailBuilderTests.swift */ = {isa = PBXFileReference; lastKnownFileType = sourcecode.swift; path = MovieDetailBuilderTests.swift; sourceTree = "<group>"; };
		3AED7BE12295578000D7F3BD /* MoviesListBuilderTests.swift */ = {isa = PBXFileReference; lastKnownFileType = sourcecode.swift; path = MoviesListBuilderTests.swift; sourceTree = "<group>"; };
		3AED7BE322955DB900D7F3BD /* Documentation.md */ = {isa = PBXFileReference; fileEncoding = 4; lastKnownFileType = net.daringfireball.markdown; name = Documentation.md; path = ../Documentation.md; sourceTree = "<group>"; };
		3AF980AF22948AFD00361058 /* MovieListViewModelTests.swift */ = {isa = PBXFileReference; lastKnownFileType = sourcecode.swift; path = MovieListViewModelTests.swift; sourceTree = "<group>"; };
		5C09BF17F5BD6E6AF6CB6A16 /* Pods_Careem_Test_ImdbUITests.framework */ = {isa = PBXFileReference; explicitFileType = wrapper.framework; includeInIndex = 0; path = Pods_Careem_Test_ImdbUITests.framework; sourceTree = BUILT_PRODUCTS_DIR; };
		6E4A58CDE898832F2DDD3C1E /* Pods_Careem_Test_Imdb.framework */ = {isa = PBXFileReference; explicitFileType = wrapper.framework; includeInIndex = 0; path = Pods_Careem_Test_Imdb.framework; sourceTree = BUILT_PRODUCTS_DIR; };
		8F9DBC0E47EB09F1390CC9D4 /* Pods-Careem-Test-ImdbUITests.debug.xcconfig */ = {isa = PBXFileReference; includeInIndex = 1; lastKnownFileType = text.xcconfig; name = "Pods-Careem-Test-ImdbUITests.debug.xcconfig"; path = "Target Support Files/Pods-Careem-Test-ImdbUITests/Pods-Careem-Test-ImdbUITests.debug.xcconfig"; sourceTree = "<group>"; };
		9A3F919D4A9D81F81A9FC024 /* Pods_Careem_Test_ImdbTests.framework */ = {isa = PBXFileReference; explicitFileType = wrapper.framework; includeInIndex = 0; path = Pods_Careem_Test_ImdbTests.framework; sourceTree = BUILT_PRODUCTS_DIR; };
		9DEA0265346B2C82C224FE7A /* Pods-Careem-Test-ImdbTests.release.xcconfig */ = {isa = PBXFileReference; includeInIndex = 1; lastKnownFileType = text.xcconfig; name = "Pods-Careem-Test-ImdbTests.release.xcconfig"; path = "Target Support Files/Pods-Careem-Test-ImdbTests/Pods-Careem-Test-ImdbTests.release.xcconfig"; sourceTree = "<group>"; };
		A8D8D672DB3DECD760F2C545 /* Pods-Careem-Test-ImdbTests.debug.xcconfig */ = {isa = PBXFileReference; includeInIndex = 1; lastKnownFileType = text.xcconfig; name = "Pods-Careem-Test-ImdbTests.debug.xcconfig"; path = "Target Support Files/Pods-Careem-Test-ImdbTests/Pods-Careem-Test-ImdbTests.debug.xcconfig"; sourceTree = "<group>"; };
		C854EEF7B243EF33E5FA59F3 /* Pods-Careem-Test-Imdb.release.xcconfig */ = {isa = PBXFileReference; includeInIndex = 1; lastKnownFileType = text.xcconfig; name = "Pods-Careem-Test-Imdb.release.xcconfig"; path = "Target Support Files/Pods-Careem-Test-Imdb/Pods-Careem-Test-Imdb.release.xcconfig"; sourceTree = "<group>"; };
		CB81EC108C38F81CBADAF48B /* Pods-Careem-Test-Imdb.debug.xcconfig */ = {isa = PBXFileReference; includeInIndex = 1; lastKnownFileType = text.xcconfig; name = "Pods-Careem-Test-Imdb.debug.xcconfig"; path = "Target Support Files/Pods-Careem-Test-Imdb/Pods-Careem-Test-Imdb.debug.xcconfig"; sourceTree = "<group>"; };
		DA306AEB3D35B08F1D1346B7 /* Pods-Careem-Test-ImdbUITests.release.xcconfig */ = {isa = PBXFileReference; includeInIndex = 1; lastKnownFileType = text.xcconfig; name = "Pods-Careem-Test-ImdbUITests.release.xcconfig"; path = "Target Support Files/Pods-Careem-Test-ImdbUITests/Pods-Careem-Test-ImdbUITests.release.xcconfig"; sourceTree = "<group>"; };
/* End PBXFileReference section */

/* Begin PBXFrameworksBuildPhase section */
		3AA3F6632292E01D006A19F0 /* Frameworks */ = {
			isa = PBXFrameworksBuildPhase;
			buildActionMask = 2147483647;
			files = (
				7702A36F19E121290EBE8C95 /* Pods_Careem_Test_Imdb.framework in Frameworks */,
			);
			runOnlyForDeploymentPostprocessing = 0;
		};
		3AA3F6772292E01F006A19F0 /* Frameworks */ = {
			isa = PBXFrameworksBuildPhase;
			buildActionMask = 2147483647;
			files = (
				3591CBA7311BCD6FC4D2468D /* Pods_Careem_Test_ImdbTests.framework in Frameworks */,
			);
			runOnlyForDeploymentPostprocessing = 0;
		};
		3AA3F6822292E01F006A19F0 /* Frameworks */ = {
			isa = PBXFrameworksBuildPhase;
			buildActionMask = 2147483647;
			files = (
				083C975EF7359EF8473349B7 /* Pods_Careem_Test_ImdbUITests.framework in Frameworks */,
			);
			runOnlyForDeploymentPostprocessing = 0;
		};
/* End PBXFrameworksBuildPhase section */

/* Begin PBXGroup section */
		228F26A284EF39886039A71A /* Frameworks */ = {
			isa = PBXGroup;
			children = (
				6E4A58CDE898832F2DDD3C1E /* Pods_Careem_Test_Imdb.framework */,
				9A3F919D4A9D81F81A9FC024 /* Pods_Careem_Test_ImdbTests.framework */,
				5C09BF17F5BD6E6AF6CB6A16 /* Pods_Careem_Test_ImdbUITests.framework */,
			);
			name = Frameworks;
			sourceTree = "<group>";
		};
		3A5816E12293FDC10078DEC0 /* View */ = {
			isa = PBXGroup;
			children = (
				3AED7BC2229508D400D7F3BD /* MovieDetail.storyboard */,
				3A5816DD2293FDAC0078DEC0 /* MovieDetailViewController.swift */,
			);
			path = View;
			sourceTree = "<group>";
		};
		3A5816E22293FDCA0078DEC0 /* ViewModel */ = {
			isa = PBXGroup;
			children = (
				3A5816E62293FE2D0078DEC0 /* MovieDetailViewModel.swift */,
			);
			path = ViewModel;
			sourceTree = "<group>";
		};
		3A5816EB229405A30078DEC0 /* Builder */ = {
			isa = PBXGroup;
			children = (
				3A5816F4229451F30078DEC0 /* MovieListBuilder.swift */,
			);
			path = Builder;
			sourceTree = "<group>";
		};
		3A5816FC2294787D0078DEC0 /* DataProvider */ = {
			isa = PBXGroup;
			children = (
				3A5816FD2294789A0078DEC0 /* MovieListDataProvider.swift */,
			);
			path = DataProvider;
			sourceTree = "<group>";
		};
		3AA3F65D2292E01D006A19F0 = {
			isa = PBXGroup;
			children = (
				3AED7BE322955DB900D7F3BD /* Documentation.md */,
				3AA3F6682292E01D006A19F0 /* Careem-Test-Imdb */,
				3AA3F67D2292E01F006A19F0 /* Careem-Test-ImdbTests */,
				3AA3F6882292E01F006A19F0 /* Careem-Test-ImdbUITests */,
				3AA3F6672292E01D006A19F0 /* Products */,
				47C29EBB69A3C36E9D20A4C2 /* Pods */,
				228F26A284EF39886039A71A /* Frameworks */,
			);
			sourceTree = "<group>";
		};
		3AA3F6672292E01D006A19F0 /* Products */ = {
			isa = PBXGroup;
			children = (
				3AA3F6662292E01D006A19F0 /* Careem-Test-Imdb.app */,
				3AA3F67A2292E01F006A19F0 /* Careem-Test-ImdbTests.xctest */,
				3AA3F6852292E01F006A19F0 /* Careem-Test-ImdbUITests.xctest */,
			);
			name = Products;
			sourceTree = "<group>";
		};
		3AA3F6682292E01D006A19F0 /* Careem-Test-Imdb */ = {
			isa = PBXGroup;
			children = (
				3AED7BD12295442200D7F3BD /* Utilities */,
				3AA3F6C322933D5B006A19F0 /* App */,
				3AA3F6A72293037C006A19F0 /* Scenes */,
				3AED7BC1229506C400D7F3BD /* Common */,
				3AA3F6C222933D48006A19F0 /* Resources */,
				3AA3F6BF2293218F006A19F0 /* Services */,
				3AA3F6972292E048006A19F0 /* Networking */,
			);
			path = "Careem-Test-Imdb";
			sourceTree = "<group>";
		};
		3AA3F67D2292E01F006A19F0 /* Careem-Test-ImdbTests */ = {
			isa = PBXGroup;
			children = (
				3AED7BD82295545900D7F3BD /* Stub */,
				3AF980AD22948AD300361058 /* ScenesTests */,
				3AA3F6D522936C79006A19F0 /* ServiceTests */,
				3AA3F6C422933D88006A19F0 /* Networking Test */,
				3AA3F67E2292E01F006A19F0 /* Careem_Test_ImdbTests.swift */,
				3AA3F6802292E01F006A19F0 /* Info.plist */,
			);
			path = "Careem-Test-ImdbTests";
			sourceTree = "<group>";
		};
		3AA3F6882292E01F006A19F0 /* Careem-Test-ImdbUITests */ = {
			isa = PBXGroup;
			children = (
				3AA3F6892292E01F006A19F0 /* Careem_Test_ImdbUITests.swift */,
				3AA3F68B2292E01F006A19F0 /* Info.plist */,
			);
			path = "Careem-Test-ImdbUITests";
			sourceTree = "<group>";
		};
		3AA3F6972292E048006A19F0 /* Networking */ = {
			isa = PBXGroup;
			children = (
				3AA3F69A2292E558006A19F0 /* NetworkManager.swift */,
				3AA3F69D2292F59D006A19F0 /* NetworkError.swift */,
				3AA3F6A32292FCA5006A19F0 /* Result.swift */,
				3AA3F6BB2293162A006A19F0 /* Endpoint.swift */,
				3AA3F6BD229319B8006A19F0 /* JSONTranslator.swift */,
			);
			path = Networking;
			sourceTree = "<group>";
		};
		3AA3F6A72293037C006A19F0 /* Scenes */ = {
			isa = PBXGroup;
			children = (
				3AA3F6A92293038F006A19F0 /* MovieDetails */,
				3AA3F6A822930383006A19F0 /* MovieList */,
			);
			path = Scenes;
			sourceTree = "<group>";
		};
		3AA3F6A822930383006A19F0 /* MovieList */ = {
			isa = PBXGroup;
			children = (
				3AED7BCC229511D800D7F3BD /* Coordinator */,
				3A5816EB229405A30078DEC0 /* Builder */,
				3AA3F6B32293098E006A19F0 /* ViewModel */,
				3AA3F6B222930983006A19F0 /* View */,
			);
			path = MovieList;
			sourceTree = "<group>";
		};
		3AA3F6A92293038F006A19F0 /* MovieDetails */ = {
			isa = PBXGroup;
			children = (
				3AED7BC922950E7400D7F3BD /* Builder */,
				3A5816E22293FDCA0078DEC0 /* ViewModel */,
				3A5816E12293FDC10078DEC0 /* View */,
			);
			path = MovieDetails;
			sourceTree = "<group>";
		};
		3AA3F6B222930983006A19F0 /* View */ = {
			isa = PBXGroup;
			children = (
				3AA3F6D92293B00D006A19F0 /* TableViewCell */,
				3AA3F6B022930961006A19F0 /* MovieListViewController.swift */,
				3AA3F6B8229309E0006A19F0 /* MovieList.storyboard */,
			);
			path = View;
			sourceTree = "<group>";
		};
		3AA3F6B32293098E006A19F0 /* ViewModel */ = {
			isa = PBXGroup;
			children = (
				3A5816FC2294787D0078DEC0 /* DataProvider */,
				3AA3F6B6229309BC006A19F0 /* MovieListViewModel.swift */,
			);
			path = ViewModel;
			sourceTree = "<group>";
		};
		3AA3F6BF2293218F006A19F0 /* Services */ = {
			isa = PBXGroup;
			children = (
				3AA3F6C0229321A5006A19F0 /* MovieListService.swift */,
			);
			path = Services;
			sourceTree = "<group>";
		};
		3AA3F6C222933D48006A19F0 /* Resources */ = {
			isa = PBXGroup;
			children = (
				3AED7BC722950AA600D7F3BD /* Controller Resources */,
				3AA3F66D2292E01D006A19F0 /* Main.storyboard */,
				3AA3F6702292E01E006A19F0 /* Assets.xcassets */,
				3AA3F6722292E01E006A19F0 /* LaunchScreen.storyboard */,
				3AA3F6752292E01E006A19F0 /* Info.plist */,
			);
			path = Resources;
			sourceTree = "<group>";
		};
		3AA3F6C322933D5B006A19F0 /* App */ = {
			isa = PBXGroup;
			children = (
				3AA3F6692292E01D006A19F0 /* AppDelegate.swift */,
			);
			path = App;
			sourceTree = "<group>";
		};
		3AA3F6C422933D88006A19F0 /* Networking Test */ = {
			isa = PBXGroup;
			children = (
				3AA3F6CE22934CCF006A19F0 /* Mock */,
				3AA3F6C822933EC6006A19F0 /* EndpointTests.swift */,
				3AA3F6CC22934C1E006A19F0 /* NetworkManagerTests.swift */,
			);
			path = "Networking Test";
			sourceTree = "<group>";
		};
		3AA3F6C522933E16006A19F0 /* Extension */ = {
			isa = PBXGroup;
			children = (
				3AA3F6C622933E32006A19F0 /* URLRequest+Extensions.swift */,
				3A5816F0229432D80078DEC0 /* UITableView+Extensions.swift */,
				3A5816F22294345C0078DEC0 /* UIScrollView+Extensions.swift */,
				3A5816F7229476140078DEC0 /* Date+Extensions.swift */,
				3A581701229483330078DEC0 /* UIAlertViewController+Extension.swift */,
				3AED7BCF229543D200D7F3BD /* DateFormatter+Extensions.swift */,
			);
			path = Extension;
			sourceTree = "<group>";
		};
		3AA3F6CE22934CCF006A19F0 /* Mock */ = {
			isa = PBXGroup;
			children = (
				3AA3F6CF22934CDE006A19F0 /* MockURLProtocol.swift */,
			);
			path = Mock;
			sourceTree = "<group>";
		};
		3AA3F6D522936C79006A19F0 /* ServiceTests */ = {
			isa = PBXGroup;
			children = (
				3AA3F6D622936CAC006A19F0 /* MovieListServiceTests.swift */,
			);
			path = ServiceTests;
			sourceTree = "<group>";
		};
		3AA3F6D92293B00D006A19F0 /* TableViewCell */ = {
			isa = PBXGroup;
			children = (
				3AA3F6DA2293B02E006A19F0 /* MovieListTableViewCell.swift */,
				3AA3F6DB2293B02E006A19F0 /* MovieListTableViewCell.xib */,
				3A5816DB2293C9B60078DEC0 /* MovieListTableCellViewModel.swift */,
			);
			path = TableViewCell;
			sourceTree = "<group>";
		};
		3AED7BB52294C74F00D7F3BD /* ViewModelTests */ = {
			isa = PBXGroup;
			children = (
				3AED7BBA2294C7BA00D7F3BD /* MockClasses */,
				3AF980AF22948AFD00361058 /* MovieListViewModelTests.swift */,
			);
			path = ViewModelTests;
			sourceTree = "<group>";
		};
		3AED7BBA2294C7BA00D7F3BD /* MockClasses */ = {
			isa = PBXGroup;
			children = (
				3AED7BB62294C77200D7F3BD /* MockMovieListViewController.swift */,
				3AED7BB82294C7A600D7F3BD /* MockMovieListDataProvider.swift */,
			);
			path = MockClasses;
			sourceTree = "<group>";
		};
		3AED7BBB2294C8EA00D7F3BD /* ViewTests */ = {
			isa = PBXGroup;
			children = (
				3AED7BBE2295034600D7F3BD /* MockClasses */,
				3AED7BBC2294C90B00D7F3BD /* MovieListViewControllerTests.swift */,
			);
			path = ViewTests;
			sourceTree = "<group>";
		};
		3AED7BBE2295034600D7F3BD /* MockClasses */ = {
			isa = PBXGroup;
			children = (
				3AED7BBF2295036900D7F3BD /* MockMovieListViewModelImpl.swift */,
			);
			path = MockClasses;
			sourceTree = "<group>";
		};
		3AED7BC1229506C400D7F3BD /* Common */ = {
			isa = PBXGroup;
			children = (
				3AED7BC822950B1B00D7F3BD /* Models */,
				3AA3F6C522933E16006A19F0 /* Extension */,
				3AED7BC622950A8000D7F3BD /* View */,
				3AA3F6CA22934804006A19F0 /* Constant.swift */,
			);
			path = Common;
			sourceTree = "<group>";
		};
		3AED7BC622950A8000D7F3BD /* View */ = {
			isa = PBXGroup;
			children = (
				3A5816EC229410AA0078DEC0 /* DatePicketView.swift */,
			);
			path = View;
			sourceTree = "<group>";
		};
		3AED7BC722950AA600D7F3BD /* Controller Resources */ = {
			isa = PBXGroup;
			children = (
				3AED7BC4229508DF00D7F3BD /* starActive.png */,
				3A5816EE229426EB0078DEC0 /* reset.png */,
				3A5816E82293FEB00078DEC0 /* filter.png */,
			);
			path = "Controller Resources";
			sourceTree = "<group>";
		};
		3AED7BC822950B1B00D7F3BD /* Models */ = {
			isa = PBXGroup;
			children = (
				3AA3F6AC229305E8006A19F0 /* UpcomingMovies.swift */,
				3AA3F6AE2293060C006A19F0 /* Movie.swift */,
			);
			path = Models;
			sourceTree = "<group>";
		};
		3AED7BC922950E7400D7F3BD /* Builder */ = {
			isa = PBXGroup;
			children = (
				3AED7BCA22950E8900D7F3BD /* MovieDetailBuilder.swift */,
			);
			path = Builder;
			sourceTree = "<group>";
		};
		3AED7BCC229511D800D7F3BD /* Coordinator */ = {
			isa = PBXGroup;
			children = (
				3AED7BCD2295171700D7F3BD /* MoviesListCoordinator.swift */,
			);
			path = Coordinator;
			sourceTree = "<group>";
		};
		3AED7BD12295442200D7F3BD /* Utilities */ = {
			isa = PBXGroup;
			children = (
				3AED7BD22295443800D7F3BD /* DateUtility.swift */,
			);
			path = Utilities;
			sourceTree = "<group>";
		};
		3AED7BD42295487E00D7F3BD /* MovieDetailTests */ = {
			isa = PBXGroup;
			children = (
				3AED7BDD2295554D00D7F3BD /* Builder */,
				3AED7BD52295489100D7F3BD /* ViewModel */,
			);
			path = MovieDetailTests;
			sourceTree = "<group>";
		};
		3AED7BD52295489100D7F3BD /* ViewModel */ = {
			isa = PBXGroup;
			children = (
				3AED7BD92295549E00D7F3BD /* Mock */,
				3AED7BD6229548B400D7F3BD /* MovieDetailViewModelTests.swift */,
			);
			path = ViewModel;
			sourceTree = "<group>";
		};
		3AED7BD82295545900D7F3BD /* Stub */ = {
			isa = PBXGroup;
			children = (
				3AA3F6D3229351E7006A19F0 /* UpcomingMovieStub.swift */,
			);
			path = Stub;
			sourceTree = "<group>";
		};
		3AED7BD92295549E00D7F3BD /* Mock */ = {
			isa = PBXGroup;
			children = (
				3AED7BDA229554B900D7F3BD /* MockMovieDetailViewController.swift */,
			);
			path = Mock;
			sourceTree = "<group>";
		};
		3AED7BDD2295554D00D7F3BD /* Builder */ = {
			isa = PBXGroup;
			children = (
				3AED7BDE2295556200D7F3BD /* MovieDetailBuilderTests.swift */,
			);
			path = Builder;
			sourceTree = "<group>";
		};
		3AED7BE02295576200D7F3BD /* BuilderTests */ = {
			isa = PBXGroup;
			children = (
				3AED7BE12295578000D7F3BD /* MoviesListBuilderTests.swift */,
			);
			path = BuilderTests;
			sourceTree = "<group>";
		};
		3AF980AD22948AD300361058 /* ScenesTests */ = {
			isa = PBXGroup;
			children = (
				3AED7BD42295487E00D7F3BD /* MovieDetailTests */,
				3AF980AE22948ADD00361058 /* MovieListTests */,
			);
			path = ScenesTests;
			sourceTree = "<group>";
		};
		3AF980AE22948ADD00361058 /* MovieListTests */ = {
			isa = PBXGroup;
			children = (
				3AED7BE02295576200D7F3BD /* BuilderTests */,
				3AED7BBB2294C8EA00D7F3BD /* ViewTests */,
				3AED7BB52294C74F00D7F3BD /* ViewModelTests */,
			);
			path = MovieListTests;
			sourceTree = "<group>";
		};
		47C29EBB69A3C36E9D20A4C2 /* Pods */ = {
			isa = PBXGroup;
			children = (
				CB81EC108C38F81CBADAF48B /* Pods-Careem-Test-Imdb.debug.xcconfig */,
				C854EEF7B243EF33E5FA59F3 /* Pods-Careem-Test-Imdb.release.xcconfig */,
				A8D8D672DB3DECD760F2C545 /* Pods-Careem-Test-ImdbTests.debug.xcconfig */,
				9DEA0265346B2C82C224FE7A /* Pods-Careem-Test-ImdbTests.release.xcconfig */,
				8F9DBC0E47EB09F1390CC9D4 /* Pods-Careem-Test-ImdbUITests.debug.xcconfig */,
				DA306AEB3D35B08F1D1346B7 /* Pods-Careem-Test-ImdbUITests.release.xcconfig */,
			);
			path = Pods;
			sourceTree = "<group>";
		};
/* End PBXGroup section */

/* Begin PBXNativeTarget section */
		3AA3F6652292E01D006A19F0 /* Careem-Test-Imdb */ = {
			isa = PBXNativeTarget;
			buildConfigurationList = 3AA3F68E2292E01F006A19F0 /* Build configuration list for PBXNativeTarget "Careem-Test-Imdb" */;
			buildPhases = (
				7E2E90078970CDE6D6126A8C /* [CP] Check Pods Manifest.lock */,
				3AA3F6622292E01D006A19F0 /* Sources */,
				3AA3F6632292E01D006A19F0 /* Frameworks */,
				3AA3F6642292E01D006A19F0 /* Resources */,
				B8FC38556696F80B6400D4D9 /* [CP] Embed Pods Frameworks */,
			);
			buildRules = (
			);
			dependencies = (
			);
			name = "Careem-Test-Imdb";
			productName = "Careem-Test-Imdb";
			productReference = 3AA3F6662292E01D006A19F0 /* Careem-Test-Imdb.app */;
			productType = "com.apple.product-type.application";
		};
		3AA3F6792292E01F006A19F0 /* Careem-Test-ImdbTests */ = {
			isa = PBXNativeTarget;
			buildConfigurationList = 3AA3F6912292E01F006A19F0 /* Build configuration list for PBXNativeTarget "Careem-Test-ImdbTests" */;
			buildPhases = (
				7666605B8BFCE270A26413D7 /* [CP] Check Pods Manifest.lock */,
				3AA3F6762292E01F006A19F0 /* Sources */,
				3AA3F6772292E01F006A19F0 /* Frameworks */,
				3AA3F6782292E01F006A19F0 /* Resources */,
			);
			buildRules = (
			);
			dependencies = (
				3AA3F67C2292E01F006A19F0 /* PBXTargetDependency */,
			);
			name = "Careem-Test-ImdbTests";
			productName = "Careem-Test-ImdbTests";
			productReference = 3AA3F67A2292E01F006A19F0 /* Careem-Test-ImdbTests.xctest */;
			productType = "com.apple.product-type.bundle.unit-test";
		};
		3AA3F6842292E01F006A19F0 /* Careem-Test-ImdbUITests */ = {
			isa = PBXNativeTarget;
			buildConfigurationList = 3AA3F6942292E01F006A19F0 /* Build configuration list for PBXNativeTarget "Careem-Test-ImdbUITests" */;
			buildPhases = (
				B19D27610C2BB0BC302A5A7C /* [CP] Check Pods Manifest.lock */,
				3AA3F6812292E01F006A19F0 /* Sources */,
				3AA3F6822292E01F006A19F0 /* Frameworks */,
				3AA3F6832292E01F006A19F0 /* Resources */,
			);
			buildRules = (
			);
			dependencies = (
				3AA3F6872292E01F006A19F0 /* PBXTargetDependency */,
			);
			name = "Careem-Test-ImdbUITests";
			productName = "Careem-Test-ImdbUITests";
			productReference = 3AA3F6852292E01F006A19F0 /* Careem-Test-ImdbUITests.xctest */;
			productType = "com.apple.product-type.bundle.ui-testing";
		};
/* End PBXNativeTarget section */

/* Begin PBXProject section */
		3AA3F65E2292E01D006A19F0 /* Project object */ = {
			isa = PBXProject;
			attributes = {
				LastSwiftUpdateCheck = 1010;
				LastUpgradeCheck = 1010;
				ORGANIZATIONNAME = "Ali Akhtar";
				TargetAttributes = {
					3AA3F6652292E01D006A19F0 = {
						CreatedOnToolsVersion = 10.1;
					};
					3AA3F6792292E01F006A19F0 = {
						CreatedOnToolsVersion = 10.1;
						TestTargetID = 3AA3F6652292E01D006A19F0;
					};
					3AA3F6842292E01F006A19F0 = {
						CreatedOnToolsVersion = 10.1;
						TestTargetID = 3AA3F6652292E01D006A19F0;
					};
				};
			};
			buildConfigurationList = 3AA3F6612292E01D006A19F0 /* Build configuration list for PBXProject "Careem-Test-Imdb" */;
			compatibilityVersion = "Xcode 9.3";
			developmentRegion = en;
			hasScannedForEncodings = 0;
			knownRegions = (
				en,
				Base,
			);
			mainGroup = 3AA3F65D2292E01D006A19F0;
			productRefGroup = 3AA3F6672292E01D006A19F0 /* Products */;
			projectDirPath = "";
			projectRoot = "";
			targets = (
				3AA3F6652292E01D006A19F0 /* Careem-Test-Imdb */,
				3AA3F6792292E01F006A19F0 /* Careem-Test-ImdbTests */,
				3AA3F6842292E01F006A19F0 /* Careem-Test-ImdbUITests */,
			);
		};
/* End PBXProject section */

/* Begin PBXResourcesBuildPhase section */
		3AA3F6642292E01D006A19F0 /* Resources */ = {
			isa = PBXResourcesBuildPhase;
			buildActionMask = 2147483647;
			files = (
				3AED7BC3229508D400D7F3BD /* MovieDetail.storyboard in Resources */,
				3AED7BE422955DBA00D7F3BD /* Documentation.md in Resources */,
				3AA3F6DF2293B5AD006A19F0 /* MovieListTableViewCell.xib in Resources */,
				3AED7BC5229508DF00D7F3BD /* starActive.png in Resources */,
				3AA3F6742292E01E006A19F0 /* LaunchScreen.storyboard in Resources */,
				3A5816E92293FEB10078DEC0 /* filter.png in Resources */,
				3AA3F6712292E01E006A19F0 /* Assets.xcassets in Resources */,
				3AA3F66F2292E01D006A19F0 /* Main.storyboard in Resources */,
				3AA3F6B9229309E0006A19F0 /* MovieList.storyboard in Resources */,
				3A5816EF229426EB0078DEC0 /* reset.png in Resources */,
			);
			runOnlyForDeploymentPostprocessing = 0;
		};
		3AA3F6782292E01F006A19F0 /* Resources */ = {
			isa = PBXResourcesBuildPhase;
			buildActionMask = 2147483647;
			files = (
			);
			runOnlyForDeploymentPostprocessing = 0;
		};
		3AA3F6832292E01F006A19F0 /* Resources */ = {
			isa = PBXResourcesBuildPhase;
			buildActionMask = 2147483647;
			files = (
			);
			runOnlyForDeploymentPostprocessing = 0;
		};
/* End PBXResourcesBuildPhase section */

/* Begin PBXShellScriptBuildPhase section */
		7666605B8BFCE270A26413D7 /* [CP] Check Pods Manifest.lock */ = {
			isa = PBXShellScriptBuildPhase;
			buildActionMask = 2147483647;
			files = (
			);
			inputFileListPaths = (
			);
			inputPaths = (
				"${PODS_PODFILE_DIR_PATH}/Podfile.lock",
				"${PODS_ROOT}/Manifest.lock",
			);
			name = "[CP] Check Pods Manifest.lock";
			outputFileListPaths = (
			);
			outputPaths = (
				"$(DERIVED_FILE_DIR)/Pods-Careem-Test-ImdbTests-checkManifestLockResult.txt",
			);
			runOnlyForDeploymentPostprocessing = 0;
			shellPath = /bin/sh;
			shellScript = "diff \"${PODS_PODFILE_DIR_PATH}/Podfile.lock\" \"${PODS_ROOT}/Manifest.lock\" > /dev/null\nif [ $? != 0 ] ; then\n    # print error to STDERR\n    echo \"error: The sandbox is not in sync with the Podfile.lock. Run 'pod install' or update your CocoaPods installation.\" >&2\n    exit 1\nfi\n# This output is used by Xcode 'outputs' to avoid re-running this script phase.\necho \"SUCCESS\" > \"${SCRIPT_OUTPUT_FILE_0}\"\n";
			showEnvVarsInLog = 0;
		};
		7E2E90078970CDE6D6126A8C /* [CP] Check Pods Manifest.lock */ = {
			isa = PBXShellScriptBuildPhase;
			buildActionMask = 2147483647;
			files = (
			);
			inputFileListPaths = (
			);
			inputPaths = (
				"${PODS_PODFILE_DIR_PATH}/Podfile.lock",
				"${PODS_ROOT}/Manifest.lock",
			);
			name = "[CP] Check Pods Manifest.lock";
			outputFileListPaths = (
			);
			outputPaths = (
				"$(DERIVED_FILE_DIR)/Pods-Careem-Test-Imdb-checkManifestLockResult.txt",
			);
			runOnlyForDeploymentPostprocessing = 0;
			shellPath = /bin/sh;
			shellScript = "diff \"${PODS_PODFILE_DIR_PATH}/Podfile.lock\" \"${PODS_ROOT}/Manifest.lock\" > /dev/null\nif [ $? != 0 ] ; then\n    # print error to STDERR\n    echo \"error: The sandbox is not in sync with the Podfile.lock. Run 'pod install' or update your CocoaPods installation.\" >&2\n    exit 1\nfi\n# This output is used by Xcode 'outputs' to avoid re-running this script phase.\necho \"SUCCESS\" > \"${SCRIPT_OUTPUT_FILE_0}\"\n";
			showEnvVarsInLog = 0;
		};
		B19D27610C2BB0BC302A5A7C /* [CP] Check Pods Manifest.lock */ = {
			isa = PBXShellScriptBuildPhase;
			buildActionMask = 2147483647;
			files = (
			);
			inputFileListPaths = (
			);
			inputPaths = (
				"${PODS_PODFILE_DIR_PATH}/Podfile.lock",
				"${PODS_ROOT}/Manifest.lock",
			);
			name = "[CP] Check Pods Manifest.lock";
			outputFileListPaths = (
			);
			outputPaths = (
				"$(DERIVED_FILE_DIR)/Pods-Careem-Test-ImdbUITests-checkManifestLockResult.txt",
			);
			runOnlyForDeploymentPostprocessing = 0;
			shellPath = /bin/sh;
			shellScript = "diff \"${PODS_PODFILE_DIR_PATH}/Podfile.lock\" \"${PODS_ROOT}/Manifest.lock\" > /dev/null\nif [ $? != 0 ] ; then\n    # print error to STDERR\n    echo \"error: The sandbox is not in sync with the Podfile.lock. Run 'pod install' or update your CocoaPods installation.\" >&2\n    exit 1\nfi\n# This output is used by Xcode 'outputs' to avoid re-running this script phase.\necho \"SUCCESS\" > \"${SCRIPT_OUTPUT_FILE_0}\"\n";
			showEnvVarsInLog = 0;
		};
		B8FC38556696F80B6400D4D9 /* [CP] Embed Pods Frameworks */ = {
			isa = PBXShellScriptBuildPhase;
			buildActionMask = 2147483647;
			files = (
			);
			inputFileListPaths = (
			);
			inputPaths = (
				"${PODS_ROOT}/Target Support Files/Pods-Careem-Test-Imdb/Pods-Careem-Test-Imdb-frameworks.sh",
				"${BUILT_PRODUCTS_DIR}/Kingfisher/Kingfisher.framework",
				"${BUILT_PRODUCTS_DIR}/SVProgressHUD/SVProgressHUD.framework",
			);
			name = "[CP] Embed Pods Frameworks";
			outputFileListPaths = (
			);
			outputPaths = (
				"${TARGET_BUILD_DIR}/${FRAMEWORKS_FOLDER_PATH}/Kingfisher.framework",
				"${TARGET_BUILD_DIR}/${FRAMEWORKS_FOLDER_PATH}/SVProgressHUD.framework",
			);
			runOnlyForDeploymentPostprocessing = 0;
			shellPath = /bin/sh;
			shellScript = "\"${PODS_ROOT}/Target Support Files/Pods-Careem-Test-Imdb/Pods-Careem-Test-Imdb-frameworks.sh\"\n";
			showEnvVarsInLog = 0;
		};
/* End PBXShellScriptBuildPhase section */

/* Begin PBXSourcesBuildPhase section */
		3AA3F6622292E01D006A19F0 /* Sources */ = {
			isa = PBXSourcesBuildPhase;
			buildActionMask = 2147483647;
			files = (
				3AA3F69B2292E558006A19F0 /* NetworkManager.swift in Sources */,
				3AA3F6C722933E32006A19F0 /* URLRequest+Extensions.swift in Sources */,
				3AED7BD0229543D200D7F3BD /* DateFormatter+Extensions.swift in Sources */,
				3AA3F6C1229321A5006A19F0 /* MovieListService.swift in Sources */,
				3A5816F32294345C0078DEC0 /* UIScrollView+Extensions.swift in Sources */,
				3A5816F5229451F30078DEC0 /* MovieListBuilder.swift in Sources */,
				3A5816F8229476140078DEC0 /* Date+Extensions.swift in Sources */,
				3AA3F6BE229319B8006A19F0 /* JSONTranslator.swift in Sources */,
				3A581702229483330078DEC0 /* UIAlertViewController+Extension.swift in Sources */,
				3AA3F6A42292FCA5006A19F0 /* Result.swift in Sources */,
				3AED7BD32295443800D7F3BD /* DateUtility.swift in Sources */,
				3A5816F1229432D80078DEC0 /* UITableView+Extensions.swift in Sources */,
				3AA3F6BC2293162A006A19F0 /* Endpoint.swift in Sources */,
				3A5816DC2293C9B60078DEC0 /* MovieListTableCellViewModel.swift in Sources */,
				3AED7BCB22950E8900D7F3BD /* MovieDetailBuilder.swift in Sources */,
				3AA3F6AF2293060C006A19F0 /* Movie.swift in Sources */,
				3A5816E72293FE2D0078DEC0 /* MovieDetailViewModel.swift in Sources */,
				3AA3F66A2292E01D006A19F0 /* AppDelegate.swift in Sources */,
				3A5816ED229410AA0078DEC0 /* DatePicketView.swift in Sources */,
				3AA3F6B122930961006A19F0 /* MovieListViewController.swift in Sources */,
				3AA3F6CB22934804006A19F0 /* Constant.swift in Sources */,
				3AA3F6DE2293B5A5006A19F0 /* MovieListTableViewCell.swift in Sources */,
				3A5816DE2293FDAC0078DEC0 /* MovieDetailViewController.swift in Sources */,
				3AA3F69E2292F59D006A19F0 /* NetworkError.swift in Sources */,
				3AA3F6AD229305E8006A19F0 /* UpcomingMovies.swift in Sources */,
				3AA3F6B7229309BC006A19F0 /* MovieListViewModel.swift in Sources */,
				3AED7BCE2295171700D7F3BD /* MoviesListCoordinator.swift in Sources */,
				3A5816FE2294789A0078DEC0 /* MovieListDataProvider.swift in Sources */,
			);
			runOnlyForDeploymentPostprocessing = 0;
		};
		3AA3F6762292E01F006A19F0 /* Sources */ = {
			isa = PBXSourcesBuildPhase;
			buildActionMask = 2147483647;
			files = (
				3AED7BD7229548B400D7F3BD /* MovieDetailViewModelTests.swift in Sources */,
				3AA3F6D722936CAC006A19F0 /* MovieListServiceTests.swift in Sources */,
				3AF980B022948AFD00361058 /* MovieListViewModelTests.swift in Sources */,
				3AED7BB92294C7A600D7F3BD /* MockMovieListDataProvider.swift in Sources */,
				3AA3F6CD22934C1E006A19F0 /* NetworkManagerTests.swift in Sources */,
				3AED7BB72294C77200D7F3BD /* MockMovieListViewController.swift in Sources */,
				3AED7BDB229554B900D7F3BD /* MockMovieDetailViewController.swift in Sources */,
				3AA3F6D4229351E7006A19F0 /* UpcomingMovieStub.swift in Sources */,
				3AA3F6C922933EC6006A19F0 /* EndpointTests.swift in Sources */,
				3AED7BBD2294C90B00D7F3BD /* MovieListViewControllerTests.swift in Sources */,
				3AA3F67F2292E01F006A19F0 /* Careem_Test_ImdbTests.swift in Sources */,
				3AED7BE22295578000D7F3BD /* MoviesListBuilderTests.swift in Sources */,
				3AED7BDF2295556200D7F3BD /* MovieDetailBuilderTests.swift in Sources */,
				3AED7BC02295036900D7F3BD /* MockMovieListViewModelImpl.swift in Sources */,
				3AA3F6D022934CDE006A19F0 /* MockURLProtocol.swift in Sources */,
			);
			runOnlyForDeploymentPostprocessing = 0;
		};
		3AA3F6812292E01F006A19F0 /* Sources */ = {
			isa = PBXSourcesBuildPhase;
			buildActionMask = 2147483647;
			files = (
				3AA3F68A2292E01F006A19F0 /* Careem_Test_ImdbUITests.swift in Sources */,
			);
			runOnlyForDeploymentPostprocessing = 0;
		};
/* End PBXSourcesBuildPhase section */

/* Begin PBXTargetDependency section */
		3AA3F67C2292E01F006A19F0 /* PBXTargetDependency */ = {
			isa = PBXTargetDependency;
			target = 3AA3F6652292E01D006A19F0 /* Careem-Test-Imdb */;
			targetProxy = 3AA3F67B2292E01F006A19F0 /* PBXContainerItemProxy */;
		};
		3AA3F6872292E01F006A19F0 /* PBXTargetDependency */ = {
			isa = PBXTargetDependency;
			target = 3AA3F6652292E01D006A19F0 /* Careem-Test-Imdb */;
			targetProxy = 3AA3F6862292E01F006A19F0 /* PBXContainerItemProxy */;
		};
/* End PBXTargetDependency section */

/* Begin PBXVariantGroup section */
		3AA3F66D2292E01D006A19F0 /* Main.storyboard */ = {
			isa = PBXVariantGroup;
			children = (
				3AA3F66E2292E01D006A19F0 /* Base */,
			);
			name = Main.storyboard;
			sourceTree = "<group>";
		};
		3AA3F6722292E01E006A19F0 /* LaunchScreen.storyboard */ = {
			isa = PBXVariantGroup;
			children = (
				3AA3F6732292E01E006A19F0 /* Base */,
			);
			name = LaunchScreen.storyboard;
			sourceTree = "<group>";
		};
/* End PBXVariantGroup section */

/* Begin XCBuildConfiguration section */
		3AA3F68C2292E01F006A19F0 /* Debug */ = {
			isa = XCBuildConfiguration;
			buildSettings = {
				ALWAYS_SEARCH_USER_PATHS = NO;
				CLANG_ANALYZER_NONNULL = YES;
				CLANG_ANALYZER_NUMBER_OBJECT_CONVERSION = YES_AGGRESSIVE;
				CLANG_CXX_LANGUAGE_STANDARD = "gnu++14";
				CLANG_CXX_LIBRARY = "libc++";
				CLANG_ENABLE_MODULES = YES;
				CLANG_ENABLE_OBJC_ARC = YES;
				CLANG_ENABLE_OBJC_WEAK = YES;
				CLANG_WARN_BLOCK_CAPTURE_AUTORELEASING = YES;
				CLANG_WARN_BOOL_CONVERSION = YES;
				CLANG_WARN_COMMA = YES;
				CLANG_WARN_CONSTANT_CONVERSION = YES;
				CLANG_WARN_DEPRECATED_OBJC_IMPLEMENTATIONS = YES;
				CLANG_WARN_DIRECT_OBJC_ISA_USAGE = YES_ERROR;
				CLANG_WARN_DOCUMENTATION_COMMENTS = YES;
				CLANG_WARN_EMPTY_BODY = YES;
				CLANG_WARN_ENUM_CONVERSION = YES;
				CLANG_WARN_INFINITE_RECURSION = YES;
				CLANG_WARN_INT_CONVERSION = YES;
				CLANG_WARN_NON_LITERAL_NULL_CONVERSION = YES;
				CLANG_WARN_OBJC_IMPLICIT_RETAIN_SELF = YES;
				CLANG_WARN_OBJC_LITERAL_CONVERSION = YES;
				CLANG_WARN_OBJC_ROOT_CLASS = YES_ERROR;
				CLANG_WARN_RANGE_LOOP_ANALYSIS = YES;
				CLANG_WARN_STRICT_PROTOTYPES = YES;
				CLANG_WARN_SUSPICIOUS_MOVE = YES;
				CLANG_WARN_UNGUARDED_AVAILABILITY = YES_AGGRESSIVE;
				CLANG_WARN_UNREACHABLE_CODE = YES;
				CLANG_WARN__DUPLICATE_METHOD_MATCH = YES;
				CODE_SIGN_IDENTITY = "iPhone Developer";
				COPY_PHASE_STRIP = NO;
				DEBUG_INFORMATION_FORMAT = dwarf;
				ENABLE_STRICT_OBJC_MSGSEND = YES;
				ENABLE_TESTABILITY = YES;
				GCC_C_LANGUAGE_STANDARD = gnu11;
				GCC_DYNAMIC_NO_PIC = NO;
				GCC_NO_COMMON_BLOCKS = YES;
				GCC_OPTIMIZATION_LEVEL = 0;
				GCC_PREPROCESSOR_DEFINITIONS = (
					"DEBUG=1",
					"$(inherited)",
				);
				GCC_WARN_64_TO_32_BIT_CONVERSION = YES;
				GCC_WARN_ABOUT_RETURN_TYPE = YES_ERROR;
				GCC_WARN_UNDECLARED_SELECTOR = YES;
				GCC_WARN_UNINITIALIZED_AUTOS = YES_AGGRESSIVE;
				GCC_WARN_UNUSED_FUNCTION = YES;
				GCC_WARN_UNUSED_VARIABLE = YES;
				IPHONEOS_DEPLOYMENT_TARGET = 12.1;
				MTL_ENABLE_DEBUG_INFO = INCLUDE_SOURCE;
				MTL_FAST_MATH = YES;
				ONLY_ACTIVE_ARCH = YES;
				SDKROOT = iphoneos;
				SWIFT_ACTIVE_COMPILATION_CONDITIONS = DEBUG;
				SWIFT_OPTIMIZATION_LEVEL = "-Onone";
			};
			name = Debug;
		};
		3AA3F68D2292E01F006A19F0 /* Release */ = {
			isa = XCBuildConfiguration;
			buildSettings = {
				ALWAYS_SEARCH_USER_PATHS = NO;
				CLANG_ANALYZER_NONNULL = YES;
				CLANG_ANALYZER_NUMBER_OBJECT_CONVERSION = YES_AGGRESSIVE;
				CLANG_CXX_LANGUAGE_STANDARD = "gnu++14";
				CLANG_CXX_LIBRARY = "libc++";
				CLANG_ENABLE_MODULES = YES;
				CLANG_ENABLE_OBJC_ARC = YES;
				CLANG_ENABLE_OBJC_WEAK = YES;
				CLANG_WARN_BLOCK_CAPTURE_AUTORELEASING = YES;
				CLANG_WARN_BOOL_CONVERSION = YES;
				CLANG_WARN_COMMA = YES;
				CLANG_WARN_CONSTANT_CONVERSION = YES;
				CLANG_WARN_DEPRECATED_OBJC_IMPLEMENTATIONS = YES;
				CLANG_WARN_DIRECT_OBJC_ISA_USAGE = YES_ERROR;
				CLANG_WARN_DOCUMENTATION_COMMENTS = YES;
				CLANG_WARN_EMPTY_BODY = YES;
				CLANG_WARN_ENUM_CONVERSION = YES;
				CLANG_WARN_INFINITE_RECURSION = YES;
				CLANG_WARN_INT_CONVERSION = YES;
				CLANG_WARN_NON_LITERAL_NULL_CONVERSION = YES;
				CLANG_WARN_OBJC_IMPLICIT_RETAIN_SELF = YES;
				CLANG_WARN_OBJC_LITERAL_CONVERSION = YES;
				CLANG_WARN_OBJC_ROOT_CLASS = YES_ERROR;
				CLANG_WARN_RANGE_LOOP_ANALYSIS = YES;
				CLANG_WARN_STRICT_PROTOTYPES = YES;
				CLANG_WARN_SUSPICIOUS_MOVE = YES;
				CLANG_WARN_UNGUARDED_AVAILABILITY = YES_AGGRESSIVE;
				CLANG_WARN_UNREACHABLE_CODE = YES;
				CLANG_WARN__DUPLICATE_METHOD_MATCH = YES;
				CODE_SIGN_IDENTITY = "iPhone Developer";
				COPY_PHASE_STRIP = NO;
				DEBUG_INFORMATION_FORMAT = "dwarf-with-dsym";
				ENABLE_NS_ASSERTIONS = NO;
				ENABLE_STRICT_OBJC_MSGSEND = YES;
				GCC_C_LANGUAGE_STANDARD = gnu11;
				GCC_NO_COMMON_BLOCKS = YES;
				GCC_WARN_64_TO_32_BIT_CONVERSION = YES;
				GCC_WARN_ABOUT_RETURN_TYPE = YES_ERROR;
				GCC_WARN_UNDECLARED_SELECTOR = YES;
				GCC_WARN_UNINITIALIZED_AUTOS = YES_AGGRESSIVE;
				GCC_WARN_UNUSED_FUNCTION = YES;
				GCC_WARN_UNUSED_VARIABLE = YES;
				IPHONEOS_DEPLOYMENT_TARGET = 12.1;
				MTL_ENABLE_DEBUG_INFO = NO;
				MTL_FAST_MATH = YES;
				SDKROOT = iphoneos;
				SWIFT_COMPILATION_MODE = wholemodule;
				SWIFT_OPTIMIZATION_LEVEL = "-O";
				VALIDATE_PRODUCT = YES;
			};
			name = Release;
		};
		3AA3F68F2292E01F006A19F0 /* Debug */ = {
			isa = XCBuildConfiguration;
			baseConfigurationReference = CB81EC108C38F81CBADAF48B /* Pods-Careem-Test-Imdb.debug.xcconfig */;
			buildSettings = {
				ASSETCATALOG_COMPILER_APPICON_NAME = AppIcon;
				CODE_SIGN_STYLE = Automatic;
				INFOPLIST_FILE = "Careem-Test-Imdb/Resources/Info.plist";
				LD_RUNPATH_SEARCH_PATHS = (
					"$(inherited)",
					"@executable_path/Frameworks",
				);
				PRODUCT_BUNDLE_IDENTIFIER = "com.ali.akhtar.Careem-Test-Imdb";
				PRODUCT_NAME = "$(TARGET_NAME)";
				SWIFT_VERSION = 4.2;
				TARGETED_DEVICE_FAMILY = "1,2";
			};
			name = Debug;
		};
		3AA3F6902292E01F006A19F0 /* Release */ = {
			isa = XCBuildConfiguration;
			baseConfigurationReference = C854EEF7B243EF33E5FA59F3 /* Pods-Careem-Test-Imdb.release.xcconfig */;
			buildSettings = {
				ASSETCATALOG_COMPILER_APPICON_NAME = AppIcon;
				CODE_SIGN_STYLE = Automatic;
				INFOPLIST_FILE = "Careem-Test-Imdb/Resources/Info.plist";
				LD_RUNPATH_SEARCH_PATHS = (
					"$(inherited)",
					"@executable_path/Frameworks",
				);
				PRODUCT_BUNDLE_IDENTIFIER = "com.ali.akhtar.Careem-Test-Imdb";
				PRODUCT_NAME = "$(TARGET_NAME)";
				SWIFT_VERSION = 4.2;
				TARGETED_DEVICE_FAMILY = "1,2";
			};
			name = Release;
		};
		3AA3F6922292E01F006A19F0 /* Debug */ = {
			isa = XCBuildConfiguration;
			baseConfigurationReference = A8D8D672DB3DECD760F2C545 /* Pods-Careem-Test-ImdbTests.debug.xcconfig */;
			buildSettings = {
				ALWAYS_EMBED_SWIFT_STANDARD_LIBRARIES = YES;
				BUNDLE_LOADER = "$(TEST_HOST)";
				CODE_SIGN_STYLE = Automatic;
				INFOPLIST_FILE = "Careem-Test-ImdbTests/Info.plist";
				LD_RUNPATH_SEARCH_PATHS = (
					"$(inherited)",
					"@executable_path/Frameworks",
					"@loader_path/Frameworks",
				);
				PRODUCT_BUNDLE_IDENTIFIER = "com.ali.akhtar.Careem-Test-ImdbTests";
				PRODUCT_NAME = "$(TARGET_NAME)";
				SWIFT_VERSION = 4.2;
				TARGETED_DEVICE_FAMILY = "1,2";
				TEST_HOST = "$(BUILT_PRODUCTS_DIR)/Careem-Test-Imdb.app/Careem-Test-Imdb";
			};
			name = Debug;
		};
		3AA3F6932292E01F006A19F0 /* Release */ = {
			isa = XCBuildConfiguration;
			baseConfigurationReference = 9DEA0265346B2C82C224FE7A /* Pods-Careem-Test-ImdbTests.release.xcconfig */;
			buildSettings = {
				ALWAYS_EMBED_SWIFT_STANDARD_LIBRARIES = YES;
				BUNDLE_LOADER = "$(TEST_HOST)";
				CODE_SIGN_STYLE = Automatic;
				INFOPLIST_FILE = "Careem-Test-ImdbTests/Info.plist";
				LD_RUNPATH_SEARCH_PATHS = (
					"$(inherited)",
					"@executable_path/Frameworks",
					"@loader_path/Frameworks",
				);
				PRODUCT_BUNDLE_IDENTIFIER = "com.ali.akhtar.Careem-Test-ImdbTests";
				PRODUCT_NAME = "$(TARGET_NAME)";
				SWIFT_VERSION = 4.2;
				TARGETED_DEVICE_FAMILY = "1,2";
				TEST_HOST = "$(BUILT_PRODUCTS_DIR)/Careem-Test-Imdb.app/Careem-Test-Imdb";
			};
			name = Release;
		};
		3AA3F6952292E01F006A19F0 /* Debug */ = {
			isa = XCBuildConfiguration;
			baseConfigurationReference = 8F9DBC0E47EB09F1390CC9D4 /* Pods-Careem-Test-ImdbUITests.debug.xcconfig */;
			buildSettings = {
				ALWAYS_EMBED_SWIFT_STANDARD_LIBRARIES = YES;
				CODE_SIGN_STYLE = Automatic;
				INFOPLIST_FILE = "Careem-Test-ImdbUITests/Info.plist";
				LD_RUNPATH_SEARCH_PATHS = (
					"$(inherited)",
					"@executable_path/Frameworks",
					"@loader_path/Frameworks",
				);
				PRODUCT_BUNDLE_IDENTIFIER = "com.ali.akhtar.Careem-Test-ImdbUITests";
				PRODUCT_NAME = "$(TARGET_NAME)";
				SWIFT_VERSION = 4.2;
				TARGETED_DEVICE_FAMILY = "1,2";
				TEST_TARGET_NAME = "Careem-Test-Imdb";
			};
			name = Debug;
		};
		3AA3F6962292E01F006A19F0 /* Release */ = {
			isa = XCBuildConfiguration;
			baseConfigurationReference = DA306AEB3D35B08F1D1346B7 /* Pods-Careem-Test-ImdbUITests.release.xcconfig */;
			buildSettings = {
				ALWAYS_EMBED_SWIFT_STANDARD_LIBRARIES = YES;
				CODE_SIGN_STYLE = Automatic;
				INFOPLIST_FILE = "Careem-Test-ImdbUITests/Info.plist";
				LD_RUNPATH_SEARCH_PATHS = (
					"$(inherited)",
					"@executable_path/Frameworks",
					"@loader_path/Frameworks",
				);
				PRODUCT_BUNDLE_IDENTIFIER = "com.ali.akhtar.Careem-Test-ImdbUITests";
				PRODUCT_NAME = "$(TARGET_NAME)";
				SWIFT_VERSION = 4.2;
				TARGETED_DEVICE_FAMILY = "1,2";
				TEST_TARGET_NAME = "Careem-Test-Imdb";
			};
			name = Release;
		};
/* End XCBuildConfiguration section */

/* Begin XCConfigurationList section */
		3AA3F6612292E01D006A19F0 /* Build configuration list for PBXProject "Careem-Test-Imdb" */ = {
			isa = XCConfigurationList;
			buildConfigurations = (
				3AA3F68C2292E01F006A19F0 /* Debug */,
				3AA3F68D2292E01F006A19F0 /* Release */,
			);
			defaultConfigurationIsVisible = 0;
			defaultConfigurationName = Release;
		};
		3AA3F68E2292E01F006A19F0 /* Build configuration list for PBXNativeTarget "Careem-Test-Imdb" */ = {
			isa = XCConfigurationList;
			buildConfigurations = (
				3AA3F68F2292E01F006A19F0 /* Debug */,
				3AA3F6902292E01F006A19F0 /* Release */,
			);
			defaultConfigurationIsVisible = 0;
			defaultConfigurationName = Release;
		};
		3AA3F6912292E01F006A19F0 /* Build configuration list for PBXNativeTarget "Careem-Test-ImdbTests" */ = {
			isa = XCConfigurationList;
			buildConfigurations = (
				3AA3F6922292E01F006A19F0 /* Debug */,
				3AA3F6932292E01F006A19F0 /* Release */,
			);
			defaultConfigurationIsVisible = 0;
			defaultConfigurationName = Release;
		};
		3AA3F6942292E01F006A19F0 /* Build configuration list for PBXNativeTarget "Careem-Test-ImdbUITests" */ = {
			isa = XCConfigurationList;
			buildConfigurations = (
				3AA3F6952292E01F006A19F0 /* Debug */,
				3AA3F6962292E01F006A19F0 /* Release */,
			);
			defaultConfigurationIsVisible = 0;
			defaultConfigurationName = Release;
		};
/* End XCConfigurationList section */
	};
	rootObject = 3AA3F65E2292E01D006A19F0 /* Project object */;
}
